
Microsoft Visual Studio Solution File, Format Version 12.00
# Visual Studio Version 17
VisualStudioVersion = 17.3.32901.215
MinimumVisualStudioVersion = 10.0.40219.1
Project("{FAE04EC0-301F-11D3-BF4B-00C04F79EFBC}") = "TI3", "TI3.csproj", "{DDCBEB86-828D-4265-B429-9AFCDA6C01E7}"
EndProject
Global
	GlobalSection(SolutionConfigurationPlatforms) = preSolution
		Debug|Any CPU = Debug|Any CPU
		Release|Any CPU = Release|Any CPU
	EndGlobalSection
	GlobalSection(ProjectConfigurationPlatforms) = postSolution
		{DDCBEB86-828D-4265-B429-9AFCDA6C01E7}.Debug|Any CPU.ActiveCfg = Debug|Any CPU
		{DDCBEB86-828D-4265-B429-9AFCDA6C01E7}.Debug|Any CPU.Build.0 = Debug|Any CPU
		{DDCBEB86-828D-4265-B429-9AFCDA6C01E7}.Release|Any CPU.ActiveCfg = Release|Any CPU
		{DDCBEB86-828D-4265-B429-9AFCDA6C01E7}.Release|Any CPU.Build.0 = Release|Any CPU
	EndGlobalSection
	GlobalSection(SolutionProperties) = preSolution
		HideSolutionNode = FALSE
	EndGlobalSection
	GlobalSection(ExtensibilityGlobals) = postSolution
		SolutionGuid = {2EEF01D6-2D30-4F17-B5A7-F0438E7FFEE8}
	EndGlobalSection
EndGlobal
